
Microsoft Visual Studio Solution File, Format Version 12.00
# Visual Studio 15
VisualStudioVersion = 15.0.26430.15
MinimumVisualStudioVersion = 10.0.40219.1
Project("{FAE04EC0-301F-11D3-BF4B-00C04F79EFBC}") = "Tutorial01", "Tutorial01\Tutorial01.csproj", "{E94FD138-9C4F-4923-8A6F-9B851E9C1073}"
EndProject
Project("{FAE04EC0-301F-11D3-BF4B-00C04F79EFBC}") = "Tutorial02", "Tutorial02\Tutorial02.csproj", "{B1ABFD10-A9CF-445D-8D88-2ED0E297963E}"
EndProject
Project("{FAE04EC0-301F-11D3-BF4B-00C04F79EFBC}") = "Tutorial03", "Tutorial03\Tutorial03.csproj", "{14B686B5-59E0-44AE-A633-E78075C6F83E}"
EndProject
Project("{FAE04EC0-301F-11D3-BF4B-00C04F79EFBC}") = "Tutorial04", "Tutorial04\Tutorial04.csproj", "{F65A0DB9-77B1-4561-B1C0-D1F94554B423}"
EndProject
Project("{FAE04EC0-301F-11D3-BF4B-00C04F79EFBC}") = "Test01", "Test01\Test01.csproj", "{C801B1CF-2D99-4DEA-B89E-A32CCE8E9DA5}"
EndProject
Global
	GlobalSection(SolutionConfigurationPlatforms) = preSolution
		Debug|Any CPU = Debug|Any CPU
		Release|Any CPU = Release|Any CPU
	EndGlobalSection
	GlobalSection(ProjectConfigurationPlatforms) = postSolution
		{E94FD138-9C4F-4923-8A6F-9B851E9C1073}.Debug|Any CPU.ActiveCfg = Debug|Any CPU
		{E94FD138-9C4F-4923-8A6F-9B851E9C1073}.Debug|Any CPU.Build.0 = Debug|Any CPU
		{E94FD138-9C4F-4923-8A6F-9B851E9C1073}.Release|Any CPU.ActiveCfg = Release|Any CPU
		{E94FD138-9C4F-4923-8A6F-9B851E9C1073}.Release|Any CPU.Build.0 = Release|Any CPU
		{B1ABFD10-A9CF-445D-8D88-2ED0E297963E}.Debug|Any CPU.ActiveCfg = Debug|Any CPU
		{B1ABFD10-A9CF-445D-8D88-2ED0E297963E}.Debug|Any CPU.Build.0 = Debug|Any CPU
		{B1ABFD10-A9CF-445D-8D88-2ED0E297963E}.Release|Any CPU.ActiveCfg = Release|Any CPU
		{B1ABFD10-A9CF-445D-8D88-2ED0E297963E}.Release|Any CPU.Build.0 = Release|Any CPU
		{14B686B5-59E0-44AE-A633-E78075C6F83E}.Debug|Any CPU.ActiveCfg = Debug|Any CPU
		{14B686B5-59E0-44AE-A633-E78075C6F83E}.Debug|Any CPU.Build.0 = Debug|Any CPU
		{14B686B5-59E0-44AE-A633-E78075C6F83E}.Release|Any CPU.ActiveCfg = Release|Any CPU
		{14B686B5-59E0-44AE-A633-E78075C6F83E}.Release|Any CPU.Build.0 = Release|Any CPU
		{F65A0DB9-77B1-4561-B1C0-D1F94554B423}.Debug|Any CPU.ActiveCfg = Debug|Any CPU
		{F65A0DB9-77B1-4561-B1C0-D1F94554B423}.Debug|Any CPU.Build.0 = Debug|Any CPU
		{F65A0DB9-77B1-4561-B1C0-D1F94554B423}.Release|Any CPU.ActiveCfg = Release|Any CPU
		{F65A0DB9-77B1-4561-B1C0-D1F94554B423}.Release|Any CPU.Build.0 = Release|Any CPU
		{C801B1CF-2D99-4DEA-B89E-A32CCE8E9DA5}.Debug|Any CPU.ActiveCfg = Debug|Any CPU
		{C801B1CF-2D99-4DEA-B89E-A32CCE8E9DA5}.Debug|Any CPU.Build.0 = Debug|Any CPU
		{C801B1CF-2D99-4DEA-B89E-A32CCE8E9DA5}.Release|Any CPU.ActiveCfg = Release|Any CPU
		{C801B1CF-2D99-4DEA-B89E-A32CCE8E9DA5}.Release|Any CPU.Build.0 = Release|Any CPU
	EndGlobalSection
	GlobalSection(SolutionProperties) = preSolution
		HideSolutionNode = FALSE
	EndGlobalSection
EndGlobal
